
Microsoft Visual Studio Solution File, Format Version 12.00
# Visual Studio Version 16
VisualStudioVersion = 16.0.29025.244
MinimumVisualStudioVersion = 10.0.40219.1
Project("{FAE04EC0-301F-11D3-BF4B-00C04F79EFBC}") = "BaseDeDatosMySQL", "BaseDeDatosMySQL\BaseDeDatosMySQL.csproj", "{FC63672C-06D2-4DC3-9DF0-023609C3D2BC}"
EndProject
Global
	GlobalSection(SolutionConfigurationPlatforms) = preSolution
		Debug|Any CPU = Debug|Any CPU
		Release|Any CPU = Release|Any CPU
	EndGlobalSection
	GlobalSection(ProjectConfigurationPlatforms) = postSolution
		{FC63672C-06D2-4DC3-9DF0-023609C3D2BC}.Debug|Any CPU.ActiveCfg = Debug|Any CPU
		{FC63672C-06D2-4DC3-9DF0-023609C3D2BC}.Debug|Any CPU.Build.0 = Debug|Any CPU
		{FC63672C-06D2-4DC3-9DF0-023609C3D2BC}.Release|Any CPU.ActiveCfg = Release|Any CPU
		{FC63672C-06D2-4DC3-9DF0-023609C3D2BC}.Release|Any CPU.Build.0 = Release|Any CPU
	EndGlobalSection
	GlobalSection(SolutionProperties) = preSolution
		HideSolutionNode = FALSE
	EndGlobalSection
	GlobalSection(ExtensibilityGlobals) = postSolution
		SolutionGuid = {CDEB8153-187A-4997-8B99-217D68DEBC53}
	EndGlobalSection
EndGlobal
